// !$*UTF8*$!
{
	archiveVersion = 1;
	classes = {
	};
	objectVersion = 50;
	objects = {

/* Begin PBXBuildFile section */
		2ABE99A722536C710073D223 /* AppDelegate.swift in Sources */ = {isa = PBXBuildFile; fileRef = 2ABE99A622536C710073D223 /* AppDelegate.swift */; };
		2ABE99A922536C710073D223 /* ViewController.swift in Sources */ = {isa = PBXBuildFile; fileRef = 2ABE99A822536C710073D223 /* ViewController.swift */; };
		2ABE99AC22536C710073D223 /* Main.storyboard in Resources */ = {isa = PBXBuildFile; fileRef = 2ABE99AA22536C710073D223 /* Main.storyboard */; };
		2ABE99AE22536C720073D223 /* Assets.xcassets in Resources */ = {isa = PBXBuildFile; fileRef = 2ABE99AD22536C720073D223 /* Assets.xcassets */; };
		2ABE99B122536C720073D223 /* LaunchScreen.storyboard in Resources */ = {isa = PBXBuildFile; fileRef = 2ABE99AF22536C720073D223 /* LaunchScreen.storyboard */; };
		2ABE99B922536E570073D223 /* PhotoCell.swift in Sources */ = {isa = PBXBuildFile; fileRef = 2ABE99B822536E570073D223 /* PhotoCell.swift */; };
		2ABE99BB22536F2A0073D223 /* PhotoModel.swift in Sources */ = {isa = PBXBuildFile; fileRef = 2ABE99BA22536F2A0073D223 /* PhotoModel.swift */; };
		2ABE99BD22538D680073D223 /* DetailViewController.swift in Sources */ = {isa = PBXBuildFile; fileRef = 2ABE99BC22538D680073D223 /* DetailViewController.swift */; };
/* End PBXBuildFile section */

/* Begin PBXFileReference section */
		2ABE99A322536C710073D223 /* Day50Ch.app */ = {isa = PBXFileReference; explicitFileType = wrapper.application; includeInIndex = 0; path = Day50Ch.app; sourceTree = BUILT_PRODUCTS_DIR; };
		2ABE99A622536C710073D223 /* AppDelegate.swift */ = {isa = PBXFileReference; lastKnownFileType = sourcecode.swift; path = AppDelegate.swift; sourceTree = "<group>"; };
		2ABE99A822536C710073D223 /* ViewController.swift */ = {isa = PBXFileReference; lastKnownFileType = sourcecode.swift; path = ViewController.swift; sourceTree = "<group>"; };
		2ABE99AB22536C710073D223 /* Base */ = {isa = PBXFileReference; lastKnownFileType = file.storyboard; name = Base; path = Base.lproj/Main.storyboard; sourceTree = "<group>"; };
		2ABE99AD22536C720073D223 /* Assets.xcassets */ = {isa = PBXFileReference; lastKnownFileType = folder.assetcatalog; path = Assets.xcassets; sourceTree = "<group>"; };
		2ABE99B022536C720073D223 /* Base */ = {isa = PBXFileReference; lastKnownFileType = file.storyboard; name = Base; path = Base.lproj/LaunchScreen.storyboard; sourceTree = "<group>"; };
		2ABE99B222536C720073D223 /* Info.plist */ = {isa = PBXFileReference; lastKnownFileType = text.plist.xml; path = Info.plist; sourceTree = "<group>"; };
		2ABE99B822536E570073D223 /* PhotoCell.swift */ = {isa = PBXFileReference; lastKnownFileType = sourcecode.swift; path = PhotoCell.swift; sourceTree = "<group>"; };
		2ABE99BA22536F2A0073D223 /* PhotoModel.swift */ = {isa = PBXFileReference; lastKnownFileType = sourcecode.swift; path = PhotoModel.swift; sourceTree = "<group>"; };
		2ABE99BC22538D680073D223 /* DetailViewController.swift */ = {isa = PBXFileReference; lastKnownFileType = sourcecode.swift; path = DetailViewController.swift; sourceTree = "<group>"; };
/* End PBXFileReference section */

/* Begin PBXFrameworksBuildPhase section */
		2ABE99A022536C710073D223 /* Frameworks */ = {
			isa = PBXFrameworksBuildPhase;
			buildActionMask = 2147483647;
			files = (
			);
			runOnlyForDeploymentPostprocessing = 0;
		};
/* End PBXFrameworksBuildPhase section */

/* Begin PBXGroup section */
		2ABE999A22536C710073D223 = {
			isa = PBXGroup;
			children = (
				2ABE99A522536C710073D223 /* Day50Ch */,
				2ABE99A422536C710073D223 /* Products */,
			);
			sourceTree = "<group>";
		};
		2ABE99A422536C710073D223 /* Products */ = {
			isa = PBXGroup;
			children = (
				2ABE99A322536C710073D223 /* Day50Ch.app */,
			);
			name = Products;
			sourceTree = "<group>";
		};
		2ABE99A522536C710073D223 /* Day50Ch */ = {
			isa = PBXGroup;
			children = (
				2ABE99A622536C710073D223 /* AppDelegate.swift */,
				2ABE99A822536C710073D223 /* ViewController.swift */,
				2ABE99B822536E570073D223 /* PhotoCell.swift */,
				2ABE99BA22536F2A0073D223 /* PhotoModel.swift */,
				2ABE99BC22538D680073D223 /* DetailViewController.swift */,
				2ABE99AA22536C710073D223 /* Main.storyboard */,
				2ABE99AD22536C720073D223 /* Assets.xcassets */,
				2ABE99AF22536C720073D223 /* LaunchScreen.storyboard */,
				2ABE99B222536C720073D223 /* Info.plist */,
			);
			path = Day50Ch;
			sourceTree = "<group>";
		};
/* End PBXGroup section */

/* Begin PBXNativeTarget section */
		2ABE99A222536C710073D223 /* Day50Ch */ = {
			isa = PBXNativeTarget;
			buildConfigurationList = 2ABE99B522536C720073D223 /* Build configuration list for PBXNativeTarget "Day50Ch" */;
			buildPhases = (
				2ABE999F22536C710073D223 /* Sources */,
				2ABE99A022536C710073D223 /* Frameworks */,
				2ABE99A122536C710073D223 /* Resources */,
			);
			buildRules = (
			);
			dependencies = (
			);
			name = Day50Ch;
			productName = Day50Ch;
			productReference = 2ABE99A322536C710073D223 /* Day50Ch.app */;
			productType = "com.apple.product-type.application";
		};
/* End PBXNativeTarget section */

/* Begin PBXProject section */
		2ABE999B22536C710073D223 /* Project object */ = {
			isa = PBXProject;
			attributes = {
				LastSwiftUpdateCheck = 1020;
				LastUpgradeCheck = 1020;
				ORGANIZATIONNAME = felarmir;
				TargetAttributes = {
					2ABE99A222536C710073D223 = {
						CreatedOnToolsVersion = 10.2;
					};
				};
			};
			buildConfigurationList = 2ABE999E22536C710073D223 /* Build configuration list for PBXProject "Day50Ch" */;
			compatibilityVersion = "Xcode 9.3";
			developmentRegion = en;
			hasScannedForEncodings = 0;
			knownRegions = (
				en,
				Base,
			);
			mainGroup = 2ABE999A22536C710073D223;
			productRefGroup = 2ABE99A422536C710073D223 /* Products */;
			projectDirPath = "";
			projectRoot = "";
			targets = (
				2ABE99A222536C710073D223 /* Day50Ch */,
			);
		};
/* End PBXProject section */

/* Begin PBXResourcesBuildPhase section */
		2ABE99A122536C710073D223 /* Resources */ = {
			isa = PBXResourcesBuildPhase;
			buildActionMask = 2147483647;
			files = (
				2ABE99B122536C720073D223 /* LaunchScreen.storyboard in Resources */,
				2ABE99AE22536C720073D223 /* Assets.xcassets in Resources */,
				2ABE99AC22536C710073D223 /* Main.storyboard in Resources */,
			);
			runOnlyForDeploymentPostprocessing = 0;
		};
/* End PBXResourcesBuildPhase section */

/* Begin PBXSourcesBuildPhase section */
		2ABE999F22536C710073D223 /* Sources */ = {
			isa = PBXSourcesBuildPhase;
			buildActionMask = 2147483647;
			files = (
				2ABE99A922536C710073D223 /* ViewController.swift in Sources */,
				2ABE99B922536E570073D223 /* PhotoCell.swift in Sources */,
				2ABE99BD22538D680073D223 /* DetailViewController.swift in Sources */,
				2ABE99BB22536F2A0073D223 /* PhotoModel.swift in Sources */,
				2ABE99A722536C710073D223 /* AppDelegate.swift in Sources */,
			);
			runOnlyForDeploymentPostprocessing = 0;
		};
/* End PBXSourcesBuildPhase section */

/* Begin PBXVariantGroup section */
		2ABE99AA22536C710073D223 /* Main.storyboard */ = {
			isa = PBXVariantGroup;
			children = (
				2ABE99AB22536C710073D223 /* Base */,
			);
			name = Main.storyboard;
			sourceTree = "<group>";
		};
		2ABE99AF22536C720073D223 /* LaunchScreen.storyboard */ = {
			isa = PBXVariantGroup;
			children = (
				2ABE99B022536C720073D223 /* Base */,
			);
			name = LaunchScreen.storyboard;
			sourceTree = "<group>";
		};
/* End PBXVariantGroup section */

/* Begin XCBuildConfiguration section */
		2ABE99B322536C720073D223 /* Debug */ = {
			isa = XCBuildConfiguration;
			buildSettings = {
				ALWAYS_SEARCH_USER_PATHS = NO;
				CLANG_ANALYZER_NONNULL = YES;
				CLANG_ANALYZER_NUMBER_OBJECT_CONVERSION = YES_AGGRESSIVE;
				CLANG_CXX_LANGUAGE_STANDARD = "gnu++14";
				CLANG_CXX_LIBRARY = "libc++";
				CLANG_ENABLE_MODULES = YES;
				CLANG_ENABLE_OBJC_ARC = YES;
				CLANG_ENABLE_OBJC_WEAK = YES;
				CLANG_WARN_BLOCK_CAPTURE_AUTORELEASING = YES;
				CLANG_WARN_BOOL_CONVERSION = YES;
				CLANG_WARN_COMMA = YES;
				CLANG_WARN_CONSTANT_CONVERSION = YES;
				CLANG_WARN_DEPRECATED_OBJC_IMPLEMENTATIONS = YES;
				CLANG_WARN_DIRECT_OBJC_ISA_USAGE = YES_ERROR;
				CLANG_WARN_DOCUMENTATION_COMMENTS = YES;
				CLANG_WARN_EMPTY_BODY = YES;
				CLANG_WARN_ENUM_CONVERSION = YES;
				CLANG_WARN_INFINITE_RECURSION = YES;
				CLANG_WARN_INT_CONVERSION = YES;
				CLANG_WARN_NON_LITERAL_NULL_CONVERSION = YES;
				CLANG_WARN_OBJC_IMPLICIT_RETAIN_SELF = YES;
				CLANG_WARN_OBJC_LITERAL_CONVERSION = YES;
				CLANG_WARN_OBJC_ROOT_CLASS = YES_ERROR;
				CLANG_WARN_RANGE_LOOP_ANALYSIS = YES;
				CLANG_WARN_STRICT_PROTOTYPES = YES;
				CLANG_WARN_SUSPICIOUS_MOVE = YES;
				CLANG_WARN_UNGUARDED_AVAILABILITY = YES_AGGRESSIVE;
				CLANG_WARN_UNREACHABLE_CODE = YES;
				CLANG_WARN__DUPLICATE_METHOD_MATCH = YES;
				CODE_SIGN_IDENTITY = "iPhone Developer";
				COPY_PHASE_STRIP = NO;
				DEBUG_INFORMATION_FORMAT = dwarf;
				ENABLE_STRICT_OBJC_MSGSEND = YES;
				ENABLE_TESTABILITY = YES;
				GCC_C_LANGUAGE_STANDARD = gnu11;
				GCC_DYNAMIC_NO_PIC = NO;
				GCC_NO_COMMON_BLOCKS = YES;
				GCC_OPTIMIZATION_LEVEL = 0;
				GCC_PREPROCESSOR_DEFINITIONS = (
					"DEBUG=1",
					"$(inherited)",
				);
				GCC_WARN_64_TO_32_BIT_CONVERSION = YES;
				GCC_WARN_ABOUT_RETURN_TYPE = YES_ERROR;
				GCC_WARN_UNDECLARED_SELECTOR = YES;
				GCC_WARN_UNINITIALIZED_AUTOS = YES_AGGRESSIVE;
				GCC_WARN_UNUSED_FUNCTION = YES;
				GCC_WARN_UNUSED_VARIABLE = YES;
				IPHONEOS_DEPLOYMENT_TARGET = 12.2;
				MTL_ENABLE_DEBUG_INFO = INCLUDE_SOURCE;
				MTL_FAST_MATH = YES;
				ONLY_ACTIVE_ARCH = YES;
				SDKROOT = iphoneos;
				SWIFT_ACTIVE_COMPILATION_CONDITIONS = DEBUG;
				SWIFT_OPTIMIZATION_LEVEL = "-Onone";
			};
			name = Debug;
		};
		2ABE99B422536C720073D223 /* Release */ = {
			isa = XCBuildConfiguration;
			buildSettings = {
				ALWAYS_SEARCH_USER_PATHS = NO;
				CLANG_ANALYZER_NONNULL = YES;
				CLANG_ANALYZER_NUMBER_OBJECT_CONVERSION = YES_AGGRESSIVE;
				CLANG_CXX_LANGUAGE_STANDARD = "gnu++14";
				CLANG_CXX_LIBRARY = "libc++";
				CLANG_ENABLE_MODULES = YES;
				CLANG_ENABLE_OBJC_ARC = YES;
				CLANG_ENABLE_OBJC_WEAK = YES;
				CLANG_WARN_BLOCK_CAPTURE_AUTORELEASING = YES;
				CLANG_WARN_BOOL_CONVERSION = YES;
				CLANG_WARN_COMMA = YES;
				CLANG_WARN_CONSTANT_CONVERSION = YES;
				CLANG_WARN_DEPRECATED_OBJC_IMPLEMENTATIONS = YES;
				CLANG_WARN_DIRECT_OBJC_ISA_USAGE = YES_ERROR;
				CLANG_WARN_DOCUMENTATION_COMMENTS = YES;
				CLANG_WARN_EMPTY_BODY = YES;
				CLANG_WARN_ENUM_CONVERSION = YES;
				CLANG_WARN_INFINITE_RECURSION = YES;
				CLANG_WARN_INT_CONVERSION = YES;
				CLANG_WARN_NON_LITERAL_NULL_CONVERSION = YES;
				CLANG_WARN_OBJC_IMPLICIT_RETAIN_SELF = YES;
				CLANG_WARN_OBJC_LITERAL_CONVERSION = YES;
				CLANG_WARN_OBJC_ROOT_CLASS = YES_ERROR;
				CLANG_WARN_RANGE_LOOP_ANALYSIS = YES;
				CLANG_WARN_STRICT_PROTOTYPES = YES;
				CLANG_WARN_SUSPICIOUS_MOVE = YES;
				CLANG_WARN_UNGUARDED_AVAILABILITY = YES_AGGRESSIVE;
				CLANG_WARN_UNREACHABLE_CODE = YES;
				CLANG_WARN__DUPLICATE_METHOD_MATCH = YES;
				CODE_SIGN_IDENTITY = "iPhone Developer";
				COPY_PHASE_STRIP = NO;
				DEBUG_INFORMATION_FORMAT = "dwarf-with-dsym";
				ENABLE_NS_ASSERTIONS = NO;
				ENABLE_STRICT_OBJC_MSGSEND = YES;
				GCC_C_LANGUAGE_STANDARD = gnu11;
				GCC_NO_COMMON_BLOCKS = YES;
				GCC_WARN_64_TO_32_BIT_CONVERSION = YES;
				GCC_WARN_ABOUT_RETURN_TYPE = YES_ERROR;
				GCC_WARN_UNDECLARED_SELECTOR = YES;
				GCC_WARN_UNINITIALIZED_AUTOS = YES_AGGRESSIVE;
				GCC_WARN_UNUSED_FUNCTION = YES;
				GCC_WARN_UNUSED_VARIABLE = YES;
				IPHONEOS_DEPLOYMENT_TARGET = 12.2;
				MTL_ENABLE_DEBUG_INFO = NO;
				MTL_FAST_MATH = YES;
				SDKROOT = iphoneos;
				SWIFT_COMPILATION_MODE = wholemodule;
				SWIFT_OPTIMIZATION_LEVEL = "-O";
				VALIDATE_PRODUCT = YES;
			};
			name = Release;
		};
		2ABE99B622536C720073D223 /* Debug */ = {
			isa = XCBuildConfiguration;
			buildSettings = {
				ASSETCATALOG_COMPILER_APPICON_NAME = AppIcon;
				CODE_SIGN_STYLE = Automatic;
				DEVELOPMENT_TEAM = 7RXSVBYZYM;
				INFOPLIST_FILE = Day50Ch/Info.plist;
				LD_RUNPATH_SEARCH_PATHS = (
					"$(inherited)",
					"@executable_path/Frameworks",
				);
				PRODUCT_BUNDLE_IDENTIFIER = com.felarmir.Day50Ch;
				PRODUCT_NAME = "$(TARGET_NAME)";
				SWIFT_VERSION = 5.0;
				TARGETED_DEVICE_FAMILY = "1,2";
			};
			name = Debug;
		};
		2ABE99B722536C720073D223 /* Release */ = {
			isa = XCBuildConfiguration;
			buildSettings = {
				ASSETCATALOG_COMPILER_APPICON_NAME = AppIcon;
				CODE_SIGN_STYLE = Automatic;
				DEVELOPMENT_TEAM = 7RXSVBYZYM;
				INFOPLIST_FILE = Day50Ch/Info.plist;
				LD_RUNPATH_SEARCH_PATHS = (
					"$(inherited)",
					"@executable_path/Frameworks",
				);
				PRODUCT_BUNDLE_IDENTIFIER = com.felarmir.Day50Ch;
				PRODUCT_NAME = "$(TARGET_NAME)";
				SWIFT_VERSION = 5.0;
				TARGETED_DEVICE_FAMILY = "1,2";
			};
			name = Release;
		};
/* End XCBuildConfiguration section */

/* Begin XCConfigurationList section */
		2ABE999E22536C710073D223 /* Build configuration list for PBXProject "Day50Ch" */ = {
			isa = XCConfigurationList;
			buildConfigurations = (
				2ABE99B322536C720073D223 /* Debug */,
				2ABE99B422536C720073D223 /* Release */,
			);
			defaultConfigurationIsVisible = 0;
			defaultConfigurationName = Release;
		};
		2ABE99B522536C720073D223 /* Build configuration list for PBXNativeTarget "Day50Ch" */ = {
			isa = XCConfigurationList;
			buildConfigurations = (
				2ABE99B622536C720073D223 /* Debug */,
				2ABE99B722536C720073D223 /* Release */,
			);
			defaultConfigurationIsVisible = 0;
			defaultConfigurationName = Release;
		};
/* End XCConfigurationList section */
	};
	rootObject = 2ABE999B22536C710073D223 /* Project object */;
}
